{
  "meteor": {},
  "dependencies": {
    "basePackages": {
      "iron-router": {
        "git": "https://github.com/EventedMind/iron-router",
        "branch": "dev"
      }
    },
    "packages": {
      "iron-router": {
        "git": "https://github.com/EventedMind/iron-router",
        "branch": "dev",
        "commit": "3cfa4c618f6d6dffd209b4c0cb0f1d37c5223c09"
      },
      "blaze-layout": {
        "git": "https://github.com/EventedMind/blaze-layout.git",
        "branch": "master",
        "commit": "2664f817844fba0fab0455a79bc62782c9091ad0"
      }
    }
  }
}
